
Microsoft Visual Studio Solution File, Format Version 12.00
# Visual Studio Version 16
VisualStudioVersion = 16.0.31702.278
MinimumVisualStudioVersion = 10.0.40219.1
Project("{FAE04EC0-301F-11D3-BF4B-00C04F79EFBC}") = "Online Auctions", "Online Auctions\Online Auctions.csproj", "{A2F826BD-5253-41A9-9F61-A6854FACAC93}"
EndProject
Global
	GlobalSection(SolutionConfigurationPlatforms) = preSolution
		Debug|Any CPU = Debug|Any CPU
		Release|Any CPU = Release|Any CPU
	EndGlobalSection
	GlobalSection(ProjectConfigurationPlatforms) = postSolution
		{A2F826BD-5253-41A9-9F61-A6854FACAC93}.Debug|Any CPU.ActiveCfg = Debug|Any CPU
		{A2F826BD-5253-41A9-9F61-A6854FACAC93}.Debug|Any CPU.Build.0 = Debug|Any CPU
		{A2F826BD-5253-41A9-9F61-A6854FACAC93}.Release|Any CPU.ActiveCfg = Release|Any CPU
		{A2F826BD-5253-41A9-9F61-A6854FACAC93}.Release|Any CPU.Build.0 = Release|Any CPU
	EndGlobalSection
	GlobalSection(SolutionProperties) = preSolution
		HideSolutionNode = FALSE
	EndGlobalSection
	GlobalSection(ExtensibilityGlobals) = postSolution
		SolutionGuid = {20230A0E-7D17-4420-A94C-6A49F2C25F31}
	EndGlobalSection
EndGlobal
